// !$*UTF8*$!
{
	archiveVersion = 1;
	classes = {
	};
	objectVersion = 46;
	objects = {

/* Begin PBXBuildFile section */
		34A355CF1E77287800083F94 /* AppDelegate.swift in Sources */ = {isa = PBXBuildFile; fileRef = 34A355CE1E77287800083F94 /* AppDelegate.swift */; };
		34A355D11E77287800083F94 /* ViewController.swift in Sources */ = {isa = PBXBuildFile; fileRef = 34A355D01E77287800083F94 /* ViewController.swift */; };
		34A355D41E77287800083F94 /* Main.storyboard in Resources */ = {isa = PBXBuildFile; fileRef = 34A355D21E77287800083F94 /* Main.storyboard */; };
		34A355D71E77287800083F94 /* NoteAPP.xcdatamodeld in Sources */ = {isa = PBXBuildFile; fileRef = 34A355D51E77287800083F94 /* NoteAPP.xcdatamodeld */; };
		34A355D91E77287800083F94 /* Assets.xcassets in Resources */ = {isa = PBXBuildFile; fileRef = 34A355D81E77287800083F94 /* Assets.xcassets */; };
		34A355DC1E77287800083F94 /* LaunchScreen.storyboard in Resources */ = {isa = PBXBuildFile; fileRef = 34A355DA1E77287800083F94 /* LaunchScreen.storyboard */; };
		34A355E41E7735B600083F94 /* NewNote.swift in Sources */ = {isa = PBXBuildFile; fileRef = 34A355E31E7735B600083F94 /* NewNote.swift */; };
		34A355E61E7735D100083F94 /* NotesList.swift in Sources */ = {isa = PBXBuildFile; fileRef = 34A355E51E7735D100083F94 /* NotesList.swift */; };
		34A355E81E7740A400083F94 /* NoteCell.swift in Sources */ = {isa = PBXBuildFile; fileRef = 34A355E71E7740A400083F94 /* NoteCell.swift */; };
/* End PBXBuildFile section */

/* Begin PBXFileReference section */
		34A355CB1E77287800083F94 /* NoteAPP.app */ = {isa = PBXFileReference; explicitFileType = wrapper.application; includeInIndex = 0; path = NoteAPP.app; sourceTree = BUILT_PRODUCTS_DIR; };
		34A355CE1E77287800083F94 /* AppDelegate.swift */ = {isa = PBXFileReference; lastKnownFileType = sourcecode.swift; path = AppDelegate.swift; sourceTree = "<group>"; };
		34A355D01E77287800083F94 /* ViewController.swift */ = {isa = PBXFileReference; lastKnownFileType = sourcecode.swift; path = ViewController.swift; sourceTree = "<group>"; };
		34A355D31E77287800083F94 /* Base */ = {isa = PBXFileReference; lastKnownFileType = file.storyboard; name = Base; path = Base.lproj/Main.storyboard; sourceTree = "<group>"; };
		34A355D61E77287800083F94 /* NoteAPP.xcdatamodel */ = {isa = PBXFileReference; lastKnownFileType = wrapper.xcdatamodel; path = NoteAPP.xcdatamodel; sourceTree = "<group>"; };
		34A355D81E77287800083F94 /* Assets.xcassets */ = {isa = PBXFileReference; lastKnownFileType = folder.assetcatalog; path = Assets.xcassets; sourceTree = "<group>"; };
		34A355DB1E77287800083F94 /* Base */ = {isa = PBXFileReference; lastKnownFileType = file.storyboard; name = Base; path = Base.lproj/LaunchScreen.storyboard; sourceTree = "<group>"; };
		34A355DD1E77287800083F94 /* Info.plist */ = {isa = PBXFileReference; lastKnownFileType = text.plist.xml; path = Info.plist; sourceTree = "<group>"; };
		34A355E31E7735B600083F94 /* NewNote.swift */ = {isa = PBXFileReference; fileEncoding = 4; lastKnownFileType = sourcecode.swift; path = NewNote.swift; sourceTree = "<group>"; };
		34A355E51E7735D100083F94 /* NotesList.swift */ = {isa = PBXFileReference; fileEncoding = 4; lastKnownFileType = sourcecode.swift; path = NotesList.swift; sourceTree = "<group>"; };
		34A355E71E7740A400083F94 /* NoteCell.swift */ = {isa = PBXFileReference; fileEncoding = 4; lastKnownFileType = sourcecode.swift; path = NoteCell.swift; sourceTree = "<group>"; };
/* End PBXFileReference section */

/* Begin PBXFrameworksBuildPhase section */
		34A355C81E77287700083F94 /* Frameworks */ = {
			isa = PBXFrameworksBuildPhase;
			buildActionMask = 2147483647;
			files = (
			);
			runOnlyForDeploymentPostprocessing = 0;
		};
/* End PBXFrameworksBuildPhase section */

/* Begin PBXGroup section */
		34A355C21E77287700083F94 = {
			isa = PBXGroup;
			children = (
				34A355CD1E77287800083F94 /* NoteAPP */,
				34A355CC1E77287800083F94 /* Products */,
			);
			sourceTree = "<group>";
		};
		34A355CC1E77287800083F94 /* Products */ = {
			isa = PBXGroup;
			children = (
				34A355CB1E77287800083F94 /* NoteAPP.app */,
			);
			name = Products;
			sourceTree = "<group>";
		};
		34A355CD1E77287800083F94 /* NoteAPP */ = {
			isa = PBXGroup;
			children = (
				34A355CE1E77287800083F94 /* AppDelegate.swift */,
				34A355D01E77287800083F94 /* ViewController.swift */,
				34A355D21E77287800083F94 /* Main.storyboard */,
				34A355E71E7740A400083F94 /* NoteCell.swift */,
				34A355E51E7735D100083F94 /* NotesList.swift */,
				34A355E31E7735B600083F94 /* NewNote.swift */,
				34A355D81E77287800083F94 /* Assets.xcassets */,
				34A355DA1E77287800083F94 /* LaunchScreen.storyboard */,
				34A355DD1E77287800083F94 /* Info.plist */,
				34A355D51E77287800083F94 /* NoteAPP.xcdatamodeld */,
			);
			path = NoteAPP;
			sourceTree = "<group>";
		};
/* End PBXGroup section */

/* Begin PBXNativeTarget section */
		34A355CA1E77287700083F94 /* NoteAPP */ = {
			isa = PBXNativeTarget;
			buildConfigurationList = 34A355E01E77287800083F94 /* Build configuration list for PBXNativeTarget "NoteAPP" */;
			buildPhases = (
				34A355C71E77287700083F94 /* Sources */,
				34A355C81E77287700083F94 /* Frameworks */,
				34A355C91E77287700083F94 /* Resources */,
			);
			buildRules = (
			);
			dependencies = (
			);
			name = NoteAPP;
			productName = NoteAPP;
			productReference = 34A355CB1E77287800083F94 /* NoteAPP.app */;
			productType = "com.apple.product-type.application";
		};
/* End PBXNativeTarget section */

/* Begin PBXProject section */
		34A355C31E77287700083F94 /* Project object */ = {
			isa = PBXProject;
			attributes = {
				LastSwiftUpdateCheck = 0820;
				LastUpgradeCheck = 0820;
				ORGANIZATIONNAME = "Mohamed El-Naggar";
				TargetAttributes = {
					34A355CA1E77287700083F94 = {
						CreatedOnToolsVersion = 8.2.1;
						ProvisioningStyle = Automatic;
					};
				};
			};
			buildConfigurationList = 34A355C61E77287700083F94 /* Build configuration list for PBXProject "NoteAPP" */;
			compatibilityVersion = "Xcode 3.2";
			developmentRegion = English;
			hasScannedForEncodings = 0;
			knownRegions = (
				en,
				Base,
			);
			mainGroup = 34A355C21E77287700083F94;
			productRefGroup = 34A355CC1E77287800083F94 /* Products */;
			projectDirPath = "";
			projectRoot = "";
			targets = (
				34A355CA1E77287700083F94 /* NoteAPP */,
			);
		};
/* End PBXProject section */

/* Begin PBXResourcesBuildPhase section */
		34A355C91E77287700083F94 /* Resources */ = {
			isa = PBXResourcesBuildPhase;
			buildActionMask = 2147483647;
			files = (
				34A355DC1E77287800083F94 /* LaunchScreen.storyboard in Resources */,
				34A355D91E77287800083F94 /* Assets.xcassets in Resources */,
				34A355D41E77287800083F94 /* Main.storyboard in Resources */,
			);
			runOnlyForDeploymentPostprocessing = 0;
		};
/* End PBXResourcesBuildPhase section */

/* Begin PBXSourcesBuildPhase section */
		34A355C71E77287700083F94 /* Sources */ = {
			isa = PBXSourcesBuildPhase;
			buildActionMask = 2147483647;
			files = (
				34A355E61E7735D100083F94 /* NotesList.swift in Sources */,
				34A355E41E7735B600083F94 /* NewNote.swift in Sources */,
				34A355D11E77287800083F94 /* ViewController.swift in Sources */,
				34A355E81E7740A400083F94 /* NoteCell.swift in Sources */,
				34A355CF1E77287800083F94 /* AppDelegate.swift in Sources */,
				34A355D71E77287800083F94 /* NoteAPP.xcdatamodeld in Sources */,
			);
			runOnlyForDeploymentPostprocessing = 0;
		};
/* End PBXSourcesBuildPhase section */

/* Begin PBXVariantGroup section */
		34A355D21E77287800083F94 /* Main.storyboard */ = {
			isa = PBXVariantGroup;
			children = (
				34A355D31E77287800083F94 /* Base */,
			);
			name = Main.storyboard;
			sourceTree = "<group>";
		};
		34A355DA1E77287800083F94 /* LaunchScreen.storyboard */ = {
			isa = PBXVariantGroup;
			children = (
				34A355DB1E77287800083F94 /* Base */,
			);
			name = LaunchScreen.storyboard;
			sourceTree = "<group>";
		};
/* End PBXVariantGroup section */

/* Begin XCBuildConfiguration section */
		34A355DE1E77287800083F94 /* Debug */ = {
			isa = XCBuildConfiguration;
			buildSettings = {
				ALWAYS_SEARCH_USER_PATHS = NO;
				CLANG_ANALYZER_NONNULL = YES;
				CLANG_CXX_LANGUAGE_STANDARD = "gnu++0x";
				CLANG_CXX_LIBRARY = "libc++";
				CLANG_ENABLE_MODULES = YES;
				CLANG_ENABLE_OBJC_ARC = YES;
				CLANG_WARN_BOOL_CONVERSION = YES;
				CLANG_WARN_CONSTANT_CONVERSION = YES;
				CLANG_WARN_DIRECT_OBJC_ISA_USAGE = YES_ERROR;
				CLANG_WARN_DOCUMENTATION_COMMENTS = YES;
				CLANG_WARN_EMPTY_BODY = YES;
				CLANG_WARN_ENUM_CONVERSION = YES;
				CLANG_WARN_INFINITE_RECURSION = YES;
				CLANG_WARN_INT_CONVERSION = YES;
				CLANG_WARN_OBJC_ROOT_CLASS = YES_ERROR;
				CLANG_WARN_SUSPICIOUS_MOVE = YES;
				CLANG_WARN_UNREACHABLE_CODE = YES;
				CLANG_WARN__DUPLICATE_METHOD_MATCH = YES;
				"CODE_SIGN_IDENTITY[sdk=iphoneos*]" = "iPhone Developer";
				COPY_PHASE_STRIP = NO;
				DEBUG_INFORMATION_FORMAT = dwarf;
				ENABLE_STRICT_OBJC_MSGSEND = YES;
				ENABLE_TESTABILITY = YES;
				GCC_C_LANGUAGE_STANDARD = gnu99;
				GCC_DYNAMIC_NO_PIC = NO;
				GCC_NO_COMMON_BLOCKS = YES;
				GCC_OPTIMIZATION_LEVEL = 0;
				GCC_PREPROCESSOR_DEFINITIONS = (
					"DEBUG=1",
					"$(inherited)",
				);
				GCC_WARN_64_TO_32_BIT_CONVERSION = YES;
				GCC_WARN_ABOUT_RETURN_TYPE = YES_ERROR;
				GCC_WARN_UNDECLARED_SELECTOR = YES;
				GCC_WARN_UNINITIALIZED_AUTOS = YES_AGGRESSIVE;
				GCC_WARN_UNUSED_FUNCTION = YES;
				GCC_WARN_UNUSED_VARIABLE = YES;
				IPHONEOS_DEPLOYMENT_TARGET = 10.2;
				MTL_ENABLE_DEBUG_INFO = YES;
				ONLY_ACTIVE_ARCH = YES;
				SDKROOT = iphoneos;
				SWIFT_ACTIVE_COMPILATION_CONDITIONS = DEBUG;
				SWIFT_OPTIMIZATION_LEVEL = "-Onone";
				TARGETED_DEVICE_FAMILY = "1,2";
			};
			name = Debug;
		};
		34A355DF1E77287800083F94 /* Release */ = {
			isa = XCBuildConfiguration;
			buildSettings = {
				ALWAYS_SEARCH_USER_PATHS = NO;
				CLANG_ANALYZER_NONNULL = YES;
				CLANG_CXX_LANGUAGE_STANDARD = "gnu++0x";
				CLANG_CXX_LIBRARY = "libc++";
				CLANG_ENABLE_MODULES = YES;
				CLANG_ENABLE_OBJC_ARC = YES;
				CLANG_WARN_BOOL_CONVERSION = YES;
				CLANG_WARN_CONSTANT_CONVERSION = YES;
				CLANG_WARN_DIRECT_OBJC_ISA_USAGE = YES_ERROR;
				CLANG_WARN_DOCUMENTATION_COMMENTS = YES;
				CLANG_WARN_EMPTY_BODY = YES;
				CLANG_WARN_ENUM_CONVERSION = YES;
				CLANG_WARN_INFINITE_RECURSION = YES;
				CLANG_WARN_INT_CONVERSION = YES;
				CLANG_WARN_OBJC_ROOT_CLASS = YES_ERROR;
				CLANG_WARN_SUSPICIOUS_MOVE = YES;
				CLANG_WARN_UNREACHABLE_CODE = YES;
				CLANG_WARN__DUPLICATE_METHOD_MATCH = YES;
				"CODE_SIGN_IDENTITY[sdk=iphoneos*]" = "iPhone Developer";
				COPY_PHASE_STRIP = NO;
				DEBUG_INFORMATION_FORMAT = "dwarf-with-dsym";
				ENABLE_NS_ASSERTIONS = NO;
				ENABLE_STRICT_OBJC_MSGSEND = YES;
				GCC_C_LANGUAGE_STANDARD = gnu99;
				GCC_NO_COMMON_BLOCKS = YES;
				GCC_WARN_64_TO_32_BIT_CONVERSION = YES;
				GCC_WARN_ABOUT_RETURN_TYPE = YES_ERROR;
				GCC_WARN_UNDECLARED_SELECTOR = YES;
				GCC_WARN_UNINITIALIZED_AUTOS = YES_AGGRESSIVE;
				GCC_WARN_UNUSED_FUNCTION = YES;
				GCC_WARN_UNUSED_VARIABLE = YES;
				IPHONEOS_DEPLOYMENT_TARGET = 10.2;
				MTL_ENABLE_DEBUG_INFO = NO;
				SDKROOT = iphoneos;
				SWIFT_OPTIMIZATION_LEVEL = "-Owholemodule";
				TARGETED_DEVICE_FAMILY = "1,2";
				VALIDATE_PRODUCT = YES;
			};
			name = Release;
		};
		34A355E11E77287800083F94 /* Debug */ = {
			isa = XCBuildConfiguration;
			buildSettings = {
				ASSETCATALOG_COMPILER_APPICON_NAME = AppIcon;
				INFOPLIST_FILE = NoteAPP/Info.plist;
				LD_RUNPATH_SEARCH_PATHS = "$(inherited) @executable_path/Frameworks";
				PRODUCT_BUNDLE_IDENTIFIER = com.Naggar.NoteAPP;
				PRODUCT_NAME = "$(TARGET_NAME)";
				SWIFT_VERSION = 3.0;
			};
			name = Debug;
		};
		34A355E21E77287800083F94 /* Release */ = {
			isa = XCBuildConfiguration;
			buildSettings = {
				ASSETCATALOG_COMPILER_APPICON_NAME = AppIcon;
				INFOPLIST_FILE = NoteAPP/Info.plist;
				LD_RUNPATH_SEARCH_PATHS = "$(inherited) @executable_path/Frameworks";
				PRODUCT_BUNDLE_IDENTIFIER = com.Naggar.NoteAPP;
				PRODUCT_NAME = "$(TARGET_NAME)";
				SWIFT_VERSION = 3.0;
			};
			name = Release;
		};
/* End XCBuildConfiguration section */

/* Begin XCConfigurationList section */
		34A355C61E77287700083F94 /* Build configuration list for PBXProject "NoteAPP" */ = {
			isa = XCConfigurationList;
			buildConfigurations = (
				34A355DE1E77287800083F94 /* Debug */,
				34A355DF1E77287800083F94 /* Release */,
			);
			defaultConfigurationIsVisible = 0;
			defaultConfigurationName = Release;
		};
		34A355E01E77287800083F94 /* Build configuration list for PBXNativeTarget "NoteAPP" */ = {
			isa = XCConfigurationList;
			buildConfigurations = (
				34A355E11E77287800083F94 /* Debug */,
				34A355E21E77287800083F94 /* Release */,
			);
			defaultConfigurationIsVisible = 0;
		};
/* End XCConfigurationList section */

/* Begin XCVersionGroup section */
		34A355D51E77287800083F94 /* NoteAPP.xcdatamodeld */ = {
			isa = XCVersionGroup;
			children = (
				34A355D61E77287800083F94 /* NoteAPP.xcdatamodel */,
			);
			currentVersion = 34A355D61E77287800083F94 /* NoteAPP.xcdatamodel */;
			path = NoteAPP.xcdatamodeld;
			sourceTree = "<group>";
			versionGroupType = wrapper.xcdatamodel;
		};
/* End XCVersionGroup section */
	};
	rootObject = 34A355C31E77287700083F94 /* Project object */;
}
